
Microsoft Visual Studio Solution File, Format Version 12.00
# Visual Studio Version 16
VisualStudioVersion = 16.0.29911.84
MinimumVisualStudioVersion = 10.0.40219.1
Project("{888888A0-9F3D-457C-B088-3A5042F75D52}") = "PyHexMapToolkit", "PyHexMapToolkit.pyproj", "{60D76D40-F6A5-4990-8F60-3833AA107F6D}"
EndProject
Global
	GlobalSection(SolutionConfigurationPlatforms) = preSolution
		Debug|Any CPU = Debug|Any CPU
		Release|Any CPU = Release|Any CPU
	EndGlobalSection
	GlobalSection(ProjectConfigurationPlatforms) = postSolution
		{60D76D40-F6A5-4990-8F60-3833AA107F6D}.Debug|Any CPU.ActiveCfg = Debug|Any CPU
		{60D76D40-F6A5-4990-8F60-3833AA107F6D}.Release|Any CPU.ActiveCfg = Release|Any CPU
	EndGlobalSection
	GlobalSection(SolutionProperties) = preSolution
		HideSolutionNode = FALSE
	EndGlobalSection
	GlobalSection(ExtensibilityGlobals) = postSolution
		SolutionGuid = {221B9184-16C2-422D-BFB0-136DF3515A22}
	EndGlobalSection
EndGlobal
